
Microsoft Visual Studio Solution File, Format Version 12.00
# Visual Studio Version 16
VisualStudioVersion = 16.0.30621.155
MinimumVisualStudioVersion = 10.0.40219.1
Project("{FAE04EC0-301F-11D3-BF4B-00C04F79EFBC}") = "OrganizationGUI", "OrganizationGUI.csproj", "{018DF27F-4313-4732-A28F-E1A853BE03FC}"
EndProject
Global
	GlobalSection(SolutionConfigurationPlatforms) = preSolution
		Debug|Any CPU = Debug|Any CPU
		Release|Any CPU = Release|Any CPU
	EndGlobalSection
	GlobalSection(ProjectConfigurationPlatforms) = postSolution
		{018DF27F-4313-4732-A28F-E1A853BE03FC}.Debug|Any CPU.ActiveCfg = Debug|Any CPU
		{018DF27F-4313-4732-A28F-E1A853BE03FC}.Debug|Any CPU.Build.0 = Debug|Any CPU
		{018DF27F-4313-4732-A28F-E1A853BE03FC}.Release|Any CPU.ActiveCfg = Release|Any CPU
		{018DF27F-4313-4732-A28F-E1A853BE03FC}.Release|Any CPU.Build.0 = Release|Any CPU
	EndGlobalSection
	GlobalSection(SolutionProperties) = preSolution
		HideSolutionNode = FALSE
	EndGlobalSection
	GlobalSection(ExtensibilityGlobals) = postSolution
		SolutionGuid = {B20AE18D-7B36-43DB-83C3-1C3B1F72A20D}
	EndGlobalSection
EndGlobal
